
Microsoft Visual Studio Solution File, Format Version 10.00
# Visual Studio 2008
Project("{8BC9CEB8-8B4A-11D0-8D11-00A0C91BC942}") = "test", "test.vcproj", "{B4E0E179-352D-41B8-8FD4-12A7A7950D16}"
	ProjectSection(ProjectDependencies) = postProject
		{546D7B48-99CF-450C-987C-4E4C5457A02F} = {546D7B48-99CF-450C-987C-4E4C5457A02F}
	EndProjectSection
EndProject
Project("{8BC9CEB8-8B4A-11D0-8D11-00A0C91BC942}") = "axl3", "..\axl3.vcproj", "{546D7B48-99CF-450C-987C-4E4C5457A02F}"
EndProject
Global
	GlobalSection(SolutionConfigurationPlatforms) = preSolution
		Debug|Win32 = Debug|Win32
		Release|Win32 = Release|Win32
	EndGlobalSection
	GlobalSection(ProjectConfigurationPlatforms) = postSolution
		{B4E0E179-352D-41B8-8FD4-12A7A7950D16}.Debug|Win32.ActiveCfg = Debug|Win32
		{B4E0E179-352D-41B8-8FD4-12A7A7950D16}.Debug|Win32.Build.0 = Debug|Win32
		{B4E0E179-352D-41B8-8FD4-12A7A7950D16}.Release|Win32.ActiveCfg = Release|Win32
		{B4E0E179-352D-41B8-8FD4-12A7A7950D16}.Release|Win32.Build.0 = Release|Win32
		{546D7B48-99CF-450C-987C-4E4C5457A02F}.Debug|Win32.ActiveCfg = Debug|Win32
		{546D7B48-99CF-450C-987C-4E4C5457A02F}.Debug|Win32.Build.0 = Debug|Win32
		{546D7B48-99CF-450C-987C-4E4C5457A02F}.Release|Win32.ActiveCfg = Release|Win32
		{546D7B48-99CF-450C-987C-4E4C5457A02F}.Release|Win32.Build.0 = Release|Win32
	EndGlobalSection
	GlobalSection(SolutionProperties) = preSolution
		HideSolutionNode = FALSE
	EndGlobalSection
EndGlobal
