<?xml version="1.0" encoding="utf-8"?>
<Project ToolsVersion="4.0" xmlns="http://schemas.microsoft.com/developer/msbuild/2003">
  <ItemGroup>
    <Filter Include="parser">
      <UniqueIdentifier>{cecb0680-70b9-4a91-95f1-dc1c4bb0c791}</UniqueIdentifier>
    </Filter>
    <Filter Include="module">
      <UniqueIdentifier>{333bbf2b-fc47-4023-babd-fef7e577d496}</UniqueIdentifier>
    </Filter>
    <Filter Include="namespace">
      <UniqueIdentifier>{dc6f8ed1-98f9-4cff-977a-bc7781449c80}</UniqueIdentifier>
    </Filter>
    <Filter Include="controlflow">
      <UniqueIdentifier>{b769ec07-8620-4410-b2c2-f74674116e2e}</UniqueIdentifier>
    </Filter>
    <Filter Include="function">
      <UniqueIdentifier>{3eab6f6e-a5e7-47b3-a9ba-cbda17ffd5b7}</UniqueIdentifier>
    </Filter>
    <Filter Include="type">
      <UniqueIdentifier>{77a33d01-d401-4111-b4a0-c0f25e6343b6}</UniqueIdentifier>
    </Filter>
    <Filter Include="value">
      <UniqueIdentifier>{f13e4f98-48f5-4e07-8b22-9a3f3fd2b0e9}</UniqueIdentifier>
    </Filter>
    <Filter Include="operator">
      <UniqueIdentifier>{bffc36e1-a985-4dd3-a46a-2f5d5d241e03}</UniqueIdentifier>
    </Filter>
    <Filter Include="variable">
      <UniqueIdentifier>{6565a98e-5234-43be-9e2b-65fba747d143}</UniqueIdentifier>
    </Filter>
  </ItemGroup>
  <ItemGroup>
    <ClInclude Include="stdafx.h" />
    <ClInclude Include="..\Inc\axl_jnc_Type.h">
      <Filter>type</Filter>
    </ClInclude>
    <ClInclude Include="..\Inc\axl_jnc_TypeMgr.h">
      <Filter>type</Filter>
    </ClInclude>
    <ClInclude Include="..\Inc\axl_jnc_ArrayType.h">
      <Filter>type</Filter>
    </ClInclude>
    <ClInclude Include="..\Inc\axl_jnc_BitFieldType.h">
      <Filter>type</Filter>
    </ClInclude>
    <ClInclude Include="..\Inc\axl_jnc_EnumType.h">
      <Filter>type</Filter>
    </ClInclude>
    <ClInclude Include="..\Inc\axl_jnc_FunctionType.h">
      <Filter>type</Filter>
    </ClInclude>
    <ClInclude Include="..\Inc\axl_jnc_StructType.h">
      <Filter>type</Filter>
    </ClInclude>
    <ClInclude Include="..\Inc\axl_jnc_ClassType.h">
      <Filter>type</Filter>
    </ClInclude>
    <ClInclude Include="..\Inc\axl_jnc_PropertyType.h">
      <Filter>type</Filter>
    </ClInclude>
    <ClInclude Include="..\Inc\axl_jnc_NamespaceMgr.h">
      <Filter>namespace</Filter>
    </ClInclude>
    <ClInclude Include="..\Inc\axl_jnc_Namespace.h">
      <Filter>namespace</Filter>
    </ClInclude>
    <ClInclude Include="..\Inc\axl_jnc_BasicBlock.h">
      <Filter>controlflow</Filter>
    </ClInclude>
    <ClInclude Include="..\Inc\axl_jnc_ControlFlowMgr.h">
      <Filter>controlflow</Filter>
    </ClInclude>
    <ClInclude Include="..\Inc\axl_jnc_FunctionMgr.h">
      <Filter>function</Filter>
    </ClInclude>
    <ClInclude Include="..\Inc\axl_jnc_Function.h">
      <Filter>function</Filter>
    </ClInclude>
    <ClInclude Include="..\Inc\axl_jnc_ConstMgr.h">
      <Filter>value</Filter>
    </ClInclude>
    <ClInclude Include="axl_jnc_Lexer.h">
      <Filter>parser</Filter>
    </ClInclude>
    <ClInclude Include="axl_jnc_Parser.h">
      <Filter>parser</Filter>
    </ClInclude>
    <ClInclude Include="..\Inc\axl_jnc_Module.h">
      <Filter>module</Filter>
    </ClInclude>
    <ClInclude Include="..\inc\axl_jnc_ModuleItem.h">
      <Filter>module</Filter>
    </ClInclude>
    <ClInclude Include="axl_jnc_Decl.h">
      <Filter>parser</Filter>
    </ClInclude>
    <ClInclude Include="..\inc\axl_jnc_Value.h">
      <Filter>value</Filter>
    </ClInclude>
    <ClInclude Include="..\inc\axl_jnc_AttributeMgr.h">
      <Filter>module</Filter>
    </ClInclude>
    <ClInclude Include="..\inc\axl_jnc_ImportType.h">
      <Filter>type</Filter>
    </ClInclude>
    <ClInclude Include="..\inc\axl_jnc_OperatorMgr.h">
      <Filter>operator</Filter>
    </ClInclude>
    <ClInclude Include="..\inc\axl_jnc_Variable.h">
      <Filter>variable</Filter>
    </ClInclude>
    <ClInclude Include="..\Inc\axl_jnc_VariableMgr.h">
      <Filter>variable</Filter>
    </ClInclude>
    <ClInclude Include="..\inc\axl_jnc_Scope.h">
      <Filter>namespace</Filter>
    </ClInclude>
    <ClInclude Include="..\inc\axl_jnc_UnionType.h">
      <Filter>type</Filter>
    </ClInclude>
    <ClInclude Include="..\inc\axl_jnc_LlvmBuilder.h">
      <Filter>module</Filter>
    </ClInclude>
    <ClInclude Include="..\inc\axl_jnc_Closure.h">
      <Filter>value</Filter>
    </ClInclude>
    <ClInclude Include="..\inc\axl_jnc_AttributeBlock.h">
      <Filter>module</Filter>
    </ClInclude>
    <ClInclude Include="..\inc\axl_jnc_FunctionPtrType.h">
      <Filter>type</Filter>
    </ClInclude>
    <ClInclude Include="..\inc\axl_jnc_PropertyPtrType.h">
      <Filter>type</Filter>
    </ClInclude>
    <ClInclude Include="..\inc\axl_jnc_DataPtrType.h">
      <Filter>type</Filter>
    </ClInclude>
    <ClInclude Include="..\inc\axl_jnc_Property.h">
      <Filter>function</Filter>
    </ClInclude>
    <ClInclude Include="..\inc\axl_jnc_ClassPtrType.h">
      <Filter>type</Filter>
    </ClInclude>
    <ClInclude Include="..\inc\axl_jnc_PropertyVerifier.h">
      <Filter>function</Filter>
    </ClInclude>
    <ClInclude Include="..\inc\axl_jnc_PropertyTemplate.h">
      <Filter>function</Filter>
    </ClInclude>
    <ClInclude Include="..\inc\axl_jnc_FunctionTypeOverload.h">
      <Filter>type</Filter>
    </ClInclude>
    <ClInclude Include="axl_jnc_DeclTypeCalc.h">
      <Filter>parser</Filter>
    </ClInclude>
    <ClInclude Include="..\inc\axl_jnc_QualifiedName.h">
      <Filter>namespace</Filter>
    </ClInclude>
    <ClInclude Include="..\inc\axl_jnc_BinOp.h">
      <Filter>operator</Filter>
    </ClInclude>
    <ClInclude Include="..\inc\axl_jnc_UnOp.h">
      <Filter>operator</Filter>
    </ClInclude>
    <ClInclude Include="..\inc\axl_jnc_BinOp_Arithmetic.h">
      <Filter>operator</Filter>
    </ClInclude>
    <ClInclude Include="..\inc\axl_jnc_BinOp_Assign.h">
      <Filter>operator</Filter>
    </ClInclude>
    <ClInclude Include="..\inc\axl_jnc_BinOp_Cmp.h">
      <Filter>operator</Filter>
    </ClInclude>
    <ClInclude Include="..\inc\axl_jnc_CastOp.h">
      <Filter>operator</Filter>
    </ClInclude>
    <ClInclude Include="..\inc\axl_jnc_UnOp_Arithmetic.h">
      <Filter>operator</Filter>
    </ClInclude>
    <ClInclude Include="..\inc\axl_jnc_CastOp_ClassPtr.h">
      <Filter>operator</Filter>
    </ClInclude>
    <ClInclude Include="..\inc\axl_jnc_CastOp_DataPtr.h">
      <Filter>operator</Filter>
    </ClInclude>
    <ClInclude Include="..\inc\axl_jnc_CastOp_FunctionPtr.h">
      <Filter>operator</Filter>
    </ClInclude>
    <ClInclude Include="..\inc\axl_jnc_CastOp_PropertyPtr.h">
      <Filter>operator</Filter>
    </ClInclude>
    <ClInclude Include="..\inc\axl_jnc_CastOp_Fp.h">
      <Filter>operator</Filter>
    </ClInclude>
    <ClInclude Include="..\inc\axl_jnc_CastOp_Array.h">
      <Filter>operator</Filter>
    </ClInclude>
    <ClInclude Include="..\inc\axl_jnc_CastOp_Bool.h">
      <Filter>operator</Filter>
    </ClInclude>
    <ClInclude Include="..\inc\axl_jnc_UnOp_Inc.h">
      <Filter>operator</Filter>
    </ClInclude>
    <ClInclude Include="..\inc\axl_jnc_BinOp_At.h">
      <Filter>operator</Filter>
    </ClInclude>
    <ClInclude Include="..\inc\axl_jnc_BinOp_Idx.h">
      <Filter>operator</Filter>
    </ClInclude>
    <ClInclude Include="..\inc\axl_jnc_UnOp_LogNot.h">
      <Filter>operator</Filter>
    </ClInclude>
    <ClInclude Include="..\inc\axl_jnc_BinOp_Logic.h">
      <Filter>operator</Filter>
    </ClInclude>
    <ClInclude Include="..\inc\axl_jnc_UnOp_Ptr.h">
      <Filter>operator</Filter>
    </ClInclude>
    <ClInclude Include="..\inc\axl_jnc_CastOp_Int.h">
      <Filter>operator</Filter>
    </ClInclude>
    <ClInclude Include="..\inc\axl_jnc_MulticastType.h">
      <Filter>type</Filter>
    </ClInclude>
    <ClInclude Include="..\inc\axl_jnc_DerivableType.h">
      <Filter>type</Filter>
    </ClInclude>
  </ItemGroup>
  <ItemGroup>
    <ClCompile Include="stdafx.cpp" />
    <ClCompile Include="axl_jnc_Type.cpp">
      <Filter>type</Filter>
    </ClCompile>
    <ClCompile Include="axl_jnc_TypeMgr.cpp">
      <Filter>type</Filter>
    </ClCompile>
    <ClCompile Include="axl_jnc_ArrayType.cpp">
      <Filter>type</Filter>
    </ClCompile>
    <ClCompile Include="axl_jnc_EnumType.cpp">
      <Filter>type</Filter>
    </ClCompile>
    <ClCompile Include="axl_jnc_FunctionType.cpp">
      <Filter>type</Filter>
    </ClCompile>
    <ClCompile Include="axl_jnc_StructType.cpp">
      <Filter>type</Filter>
    </ClCompile>
    <ClCompile Include="axl_jnc_ClassType.cpp">
      <Filter>type</Filter>
    </ClCompile>
    <ClCompile Include="axl_jnc_Namespace.cpp">
      <Filter>namespace</Filter>
    </ClCompile>
    <ClCompile Include="axl_jnc_NamespaceMgr.cpp">
      <Filter>namespace</Filter>
    </ClCompile>
    <ClCompile Include="axl_jnc_BasicBlock.cpp">
      <Filter>controlflow</Filter>
    </ClCompile>
    <ClCompile Include="axl_jnc_ControlFlowMgr.cpp">
      <Filter>controlflow</Filter>
    </ClCompile>
    <ClCompile Include="axl_jnc_Function.cpp">
      <Filter>function</Filter>
    </ClCompile>
    <ClCompile Include="axl_jnc_FunctionMgr.cpp">
      <Filter>function</Filter>
    </ClCompile>
    <ClCompile Include="axl_jnc_ConstMgr.cpp">
      <Filter>value</Filter>
    </ClCompile>
    <ClCompile Include="axl_jnc_Lexer.cpp">
      <Filter>parser</Filter>
    </ClCompile>
    <ClCompile Include="axl_jnc_Module.cpp">
      <Filter>module</Filter>
    </ClCompile>
    <ClCompile Include="axl_jnc_ModuleItem.cpp">
      <Filter>module</Filter>
    </ClCompile>
    <ClCompile Include="axl_jnc_Decl.cpp">
      <Filter>parser</Filter>
    </ClCompile>
    <ClCompile Include="axl_jnc_Parser.cpp">
      <Filter>parser</Filter>
    </ClCompile>
    <ClCompile Include="axl_jnc_PropertyType.cpp">
      <Filter>type</Filter>
    </ClCompile>
    <ClCompile Include="axl_jnc_AttributeMgr.cpp">
      <Filter>module</Filter>
    </ClCompile>
    <ClCompile Include="axl_jnc_Value.cpp">
      <Filter>value</Filter>
    </ClCompile>
    <ClCompile Include="axl_jnc_OperatorMgr.cpp">
      <Filter>operator</Filter>
    </ClCompile>
    <ClCompile Include="axl_jnc_Variable.cpp">
      <Filter>variable</Filter>
    </ClCompile>
    <ClCompile Include="axl_jnc_VariableMgr.cpp">
      <Filter>variable</Filter>
    </ClCompile>
    <ClCompile Include="axl_jnc_Scope.cpp">
      <Filter>namespace</Filter>
    </ClCompile>
    <ClCompile Include="axl_jnc_UnionType.cpp">
      <Filter>type</Filter>
    </ClCompile>
    <ClCompile Include="axl_jnc_LlvmBuilder.cpp">
      <Filter>module</Filter>
    </ClCompile>
    <ClCompile Include="axl_jnc_Closure.cpp">
      <Filter>value</Filter>
    </ClCompile>
    <ClCompile Include="axl_jnc_AttributeBlock.cpp">
      <Filter>module</Filter>
    </ClCompile>
    <ClCompile Include="axl_jnc_FunctionPtrType.cpp">
      <Filter>type</Filter>
    </ClCompile>
    <ClCompile Include="axl_jnc_PropertyPtrType.cpp">
      <Filter>type</Filter>
    </ClCompile>
    <ClCompile Include="axl_jnc_DataPtrType.cpp">
      <Filter>type</Filter>
    </ClCompile>
    <ClCompile Include="axl_jnc_Property.cpp">
      <Filter>function</Filter>
    </ClCompile>
    <ClCompile Include="axl_jnc_ClassPtrType.cpp">
      <Filter>type</Filter>
    </ClCompile>
    <ClCompile Include="axl_jnc_BitFieldType.cpp">
      <Filter>type</Filter>
    </ClCompile>
    <ClCompile Include="axl_jnc_ImportType.cpp">
      <Filter>type</Filter>
    </ClCompile>
    <ClCompile Include="axl_jnc_PropertyVerifier.cpp">
      <Filter>function</Filter>
    </ClCompile>
    <ClCompile Include="axl_jnc_PropertyTemplate.cpp">
      <Filter>function</Filter>
    </ClCompile>
    <ClCompile Include="axl_jnc_FunctionTypeOverload.cpp">
      <Filter>type</Filter>
    </ClCompile>
    <ClCompile Include="axl_jnc_DeclTypeCalc.cpp">
      <Filter>parser</Filter>
    </ClCompile>
    <ClCompile Include="axl_jnc_QualifiedName.cpp">
      <Filter>namespace</Filter>
    </ClCompile>
    <ClCompile Include="axl_jnc_OperatorMgr_Call.cpp">
      <Filter>operator</Filter>
    </ClCompile>
    <ClCompile Include="axl_jnc_OperatorMgr_DataRef.cpp">
      <Filter>operator</Filter>
    </ClCompile>
    <ClCompile Include="axl_jnc_OperatorMgr_Member.cpp">
      <Filter>operator</Filter>
    </ClCompile>
    <ClCompile Include="axl_jnc_OperatorMgr_Property.cpp">
      <Filter>operator</Filter>
    </ClCompile>
    <ClCompile Include="axl_jnc_BinOp.cpp">
      <Filter>operator</Filter>
    </ClCompile>
    <ClCompile Include="axl_jnc_UnOp.cpp">
      <Filter>operator</Filter>
    </ClCompile>
    <ClCompile Include="axl_jnc_BinOp_Arithmetic.cpp">
      <Filter>operator</Filter>
    </ClCompile>
    <ClCompile Include="axl_jnc_BinOp_Cmp.cpp">
      <Filter>operator</Filter>
    </ClCompile>
    <ClCompile Include="axl_jnc_BinOp_Assign.cpp">
      <Filter>operator</Filter>
    </ClCompile>
    <ClCompile Include="axl_jnc_CastOp.cpp">
      <Filter>operator</Filter>
    </ClCompile>
    <ClCompile Include="axl_jnc_UnOp_Arithmetic.cpp">
      <Filter>operator</Filter>
    </ClCompile>
    <ClCompile Include="axl_jnc_CastOp_ClassPtr.cpp">
      <Filter>operator</Filter>
    </ClCompile>
    <ClCompile Include="axl_jnc_CastOp_DataPtr.cpp">
      <Filter>operator</Filter>
    </ClCompile>
    <ClCompile Include="axl_jnc_CastOp_FunctionPtr.cpp">
      <Filter>operator</Filter>
    </ClCompile>
    <ClCompile Include="axl_jnc_CastOp_PropertyPtr.cpp">
      <Filter>operator</Filter>
    </ClCompile>
    <ClCompile Include="axl_jnc_CastOp_Fp.cpp">
      <Filter>operator</Filter>
    </ClCompile>
    <ClCompile Include="axl_jnc_CastOp_Array.cpp">
      <Filter>operator</Filter>
    </ClCompile>
    <ClCompile Include="axl_jnc_CastOp_Bool.cpp">
      <Filter>operator</Filter>
    </ClCompile>
    <ClCompile Include="axl_jnc_UnOp_Inc.cpp">
      <Filter>operator</Filter>
    </ClCompile>
    <ClCompile Include="axl_jnc_BinOp_At.cpp">
      <Filter>operator</Filter>
    </ClCompile>
    <ClCompile Include="axl_jnc_BinOp_Idx.cpp">
      <Filter>operator</Filter>
    </ClCompile>
    <ClCompile Include="axl_jnc_UnOp_LogNot.cpp">
      <Filter>operator</Filter>
    </ClCompile>
    <ClCompile Include="axl_jnc_BinOp_Logic.cpp">
      <Filter>operator</Filter>
    </ClCompile>
    <ClCompile Include="axl_jnc_UnOp_Ptr.cpp">
      <Filter>operator</Filter>
    </ClCompile>
    <ClCompile Include="axl_jnc_CastOp_Int.cpp">
      <Filter>operator</Filter>
    </ClCompile>
    <ClCompile Include="axl_jnc_OperatorMgr_CheckPtr.cpp">
      <Filter>operator</Filter>
    </ClCompile>
    <ClCompile Include="axl_jnc_MulticastType.cpp">
      <Filter>type</Filter>
    </ClCompile>
    <ClCompile Include="axl_jnc_DerivableType.cpp">
      <Filter>type</Filter>
    </ClCompile>
  </ItemGroup>
  <ItemGroup>
    <None Include="axl_jnc_Stmt.llk">
      <Filter>parser</Filter>
    </None>
    <None Include="axl_jnc_Expr.llk">
      <Filter>parser</Filter>
    </None>
    <None Include="axl_jnc_Declarator.llk">
      <Filter>parser</Filter>
    </None>
    <None Include="axl_jnc_Decl.llk">
      <Filter>parser</Filter>
    </None>
    <None Include="axl_jnc_DeclarationSpecifier.llk">
      <Filter>parser</Filter>
    </None>
    <None Include="axl_jnc_NamedTypeSpecifier.llk">
      <Filter>parser</Filter>
    </None>
  </ItemGroup>
  <ItemGroup>
    <CustomBuild Include="axl_jnc_Lexer.rl">
      <Filter>parser</Filter>
    </CustomBuild>
    <CustomBuild Include="axl_jnc_Parser.llk">
      <Filter>parser</Filter>
    </CustomBuild>
  </ItemGroup>
</Project>