<?xml version="1.0" encoding="utf-8"?>
<Project ToolsVersion="4.0" xmlns="http://schemas.microsoft.com/developer/msbuild/2003">
  <ItemGroup>
    <Filter Include="rtl">
      <UniqueIdentifier>{567e16a4-bb36-4dd6-811f-b048c634afb6}</UniqueIdentifier>
    </Filter>
    <Filter Include="ref">
      <UniqueIdentifier>{50a6808c-481e-4bb2-8472-cfe4a454550e}</UniqueIdentifier>
    </Filter>
    <Filter Include="dbg">
      <UniqueIdentifier>{aa3a3122-0be4-4c83-8831-11d9818c0df9}</UniqueIdentifier>
    </Filter>
    <Filter Include="err">
      <UniqueIdentifier>{e8af8c6e-a290-4585-81b4-7d079ab57d31}</UniqueIdentifier>
    </Filter>
    <Filter Include="exe">
      <UniqueIdentifier>{d1f37e0c-5203-41c2-bd12-268f984a0141}</UniqueIdentifier>
    </Filter>
    <Filter Include="mem">
      <UniqueIdentifier>{89a178c1-968c-4a86-89c2-14e77ba1b522}</UniqueIdentifier>
    </Filter>
    <Filter Include="io">
      <UniqueIdentifier>{a268bbe0-45b0-4e62-a2e9-56a379f50c1b}</UniqueIdentifier>
    </Filter>
    <Filter Include="g">
      <UniqueIdentifier>{0d7bc82a-ebd8-4223-90c9-20357226b81c}</UniqueIdentifier>
    </Filter>
    <Filter Include="mt">
      <UniqueIdentifier>{cd4ce733-a74e-40a6-ad4e-222c9133ea69}</UniqueIdentifier>
    </Filter>
    <Filter Include="win">
      <UniqueIdentifier>{232aaaf3-97b9-406a-aa9c-8908d63ed547}</UniqueIdentifier>
    </Filter>
    <Filter Include="obj">
      <UniqueIdentifier>{6e548da8-3555-4c3d-a566-d9df4f59d1e7}</UniqueIdentifier>
    </Filter>
  </ItemGroup>
  <ItemGroup>
    <ClInclude Include="..\Inc\axl_rtl_Array.h">
      <Filter>rtl</Filter>
    </ClInclude>
    <ClInclude Include="..\Inc\axl_rtl_BinTree.h">
      <Filter>rtl</Filter>
    </ClInclude>
    <ClInclude Include="..\Inc\axl_rtl_BitIdx.h">
      <Filter>rtl</Filter>
    </ClInclude>
    <ClInclude Include="..\Inc\axl_rtl_Func.h">
      <Filter>rtl</Filter>
    </ClInclude>
    <ClInclude Include="..\Inc\axl_rtl_HashTable.h">
      <Filter>rtl</Filter>
    </ClInclude>
    <ClInclude Include="..\Inc\axl_rtl_InterlockedUpdatePeak.h">
      <Filter>rtl</Filter>
    </ClInclude>
    <ClInclude Include="..\Inc\axl_rtl_List.h">
      <Filter>rtl</Filter>
    </ClInclude>
    <ClInclude Include="..\Inc\axl_rtl_Pack.h">
      <Filter>rtl</Filter>
    </ClInclude>
    <ClInclude Include="..\Inc\axl_rtl_RbTree.h">
      <Filter>rtl</Filter>
    </ClInclude>
    <ClInclude Include="..\Inc\axl_rtl_String.h">
      <Filter>rtl</Filter>
    </ClInclude>
    <ClInclude Include="..\Inc\axl_ref_Buf.h">
      <Filter>ref</Filter>
    </ClInclude>
    <ClInclude Include="..\Inc\axl_ref_Ptr.h">
      <Filter>ref</Filter>
    </ClInclude>
    <ClInclude Include="..\Inc\axl_ref_RefCount.h">
      <Filter>ref</Filter>
    </ClInclude>
    <ClInclude Include="..\Inc\axl_ref_WeakPtr.h">
      <Filter>ref</Filter>
    </ClInclude>
    <ClInclude Include="..\Inc\axl_dbg_Trace.h">
      <Filter>dbg</Filter>
    </ClInclude>
    <ClInclude Include="..\Inc\axl_err_Error.h">
      <Filter>err</Filter>
    </ClInclude>
    <ClInclude Include="..\Inc\axl_err_ErrorMgr.h">
      <Filter>err</Filter>
    </ClInclude>
    <ClInclude Include="..\Inc\axl_exe_CallOnce.h">
      <Filter>exe</Filter>
    </ClInclude>
    <ClInclude Include="..\Inc\axl_exe_Function.h">
      <Filter>exe</Filter>
    </ClInclude>
    <ClInclude Include="..\Inc\axl_exe_InvokeDirect.h">
      <Filter>exe</Filter>
    </ClInclude>
    <ClInclude Include="..\Inc\axl_exe_InvokeList.h">
      <Filter>exe</Filter>
    </ClInclude>
    <ClInclude Include="..\Inc\axl_exe_ProxyFunction.h">
      <Filter>exe</Filter>
    </ClInclude>
    <ClInclude Include="..\Inc\axl_exe_ScheduledFunction.h">
      <Filter>exe</Filter>
    </ClInclude>
    <ClInclude Include="..\Inc\axl_exe_Scheduler.h">
      <Filter>exe</Filter>
    </ClInclude>
    <ClInclude Include="..\Inc\axl_exe_Synchronizer.h">
      <Filter>exe</Filter>
    </ClInclude>
    <ClInclude Include="..\Inc\axl_exe_Thunk.h">
      <Filter>exe</Filter>
    </ClInclude>
    <ClInclude Include="..\Inc\axl_io_Transport.h">
      <Filter>io</Filter>
    </ClInclude>
    <ClInclude Include="..\Inc\axl_mem_Malloc.h">
      <Filter>mem</Filter>
    </ClInclude>
    <ClInclude Include="..\Inc\axl_mem_Alloc.h">
      <Filter>mem</Filter>
    </ClInclude>
    <ClInclude Include="..\Inc\axl_obj_Class.h">
      <Filter>obj</Filter>
    </ClInclude>
    <ClInclude Include="..\Inc\axl_obj_Root.h">
      <Filter>obj</Filter>
    </ClInclude>
    <ClInclude Include="..\Inc\axl_ref_Clone.h">
      <Filter>ref</Filter>
    </ClInclude>
    <ClInclude Include="..\Inc\axl_mem_Block.h">
      <Filter>mem</Filter>
    </ClInclude>
    <ClInclude Include="..\Inc\axl_mem_HeapAlloc.h">
      <Filter>mem</Filter>
    </ClInclude>
    <ClInclude Include="..\Inc\axl_g_Def.h">
      <Filter>g</Filter>
    </ClInclude>
    <ClInclude Include="..\Inc\axl_g_Module.h">
      <Filter>g</Filter>
    </ClInclude>
    <ClInclude Include="..\Inc\axl_mem_Tracker.h">
      <Filter>mem</Filter>
    </ClInclude>
    <ClInclude Include="..\Inc\axl_mem_Factory.h">
      <Filter>mem</Filter>
    </ClInclude>
    <ClInclude Include="..\Inc\axl_obj_Ptr.h">
      <Filter>obj</Filter>
    </ClInclude>
    <ClInclude Include="..\Inc\axl_rtl_Singleton.h">
      <Filter>rtl</Filter>
    </ClInclude>
    <ClInclude Include="..\Inc\axl_rtl_SimpleSingleton.h">
      <Filter>rtl</Filter>
    </ClInclude>
    <ClInclude Include="..\Inc\axl_ref_RtFactory.h">
      <Filter>ref</Filter>
    </ClInclude>
    <ClInclude Include="..\Inc\axl_ref_Factory.h">
      <Filter>ref</Filter>
    </ClInclude>
    <ClInclude Include="..\Inc\axl_ref_Child.h">
      <Filter>ref</Filter>
    </ClInclude>
    <ClInclude Include="..\Inc\axl_rtl_BoxList.h">
      <Filter>rtl</Filter>
    </ClInclude>
    <ClInclude Include="..\Inc\axl_rtl_Packer.h">
      <Filter>rtl</Filter>
    </ClInclude>
    <ClInclude Include="..\Inc\axl_rtl_Unpacker.h">
      <Filter>rtl</Filter>
    </ClInclude>
    <ClInclude Include="..\Inc\axl_exe_Arg.h">
      <Filter>exe</Filter>
    </ClInclude>
    <ClInclude Include="..\Inc\axl_exe_ArgPacker.h">
      <Filter>exe</Filter>
    </ClInclude>
    <ClInclude Include="..\Inc\axl_win_Event.h">
      <Filter>win</Filter>
    </ClInclude>
    <ClInclude Include="..\Inc\axl_win_File.h">
      <Filter>win</Filter>
    </ClInclude>
    <ClInclude Include="..\Inc\axl_win_Mapping.h">
      <Filter>win</Filter>
    </ClInclude>
    <ClInclude Include="..\Inc\axl_win_PerfCounter.h">
      <Filter>win</Filter>
    </ClInclude>
    <ClInclude Include="..\Inc\axl_win_Pipe.h">
      <Filter>win</Filter>
    </ClInclude>
    <ClInclude Include="..\Inc\axl_win_Semaphore.h">
      <Filter>win</Filter>
    </ClInclude>
    <ClInclude Include="..\Inc\axl_win_Serial.h">
      <Filter>win</Filter>
    </ClInclude>
    <ClInclude Include="..\Inc\axl_win_Sock.h">
      <Filter>win</Filter>
    </ClInclude>
    <ClInclude Include="..\Inc\axl_win_SystemInfo.h">
      <Filter>win</Filter>
    </ClInclude>
    <ClInclude Include="..\Inc\axl_win_Thread.h">
      <Filter>win</Filter>
    </ClInclude>
    <ClInclude Include="..\Inc\axl_win_Timer.h">
      <Filter>win</Filter>
    </ClInclude>
    <ClInclude Include="..\Inc\axl_win_WaitableHandle.h">
      <Filter>win</Filter>
    </ClInclude>
    <ClInclude Include="..\Inc\axl_win_Window.h">
      <Filter>win</Filter>
    </ClInclude>
    <ClInclude Include="..\Inc\axl_exe_WorkerWindow.h">
      <Filter>exe</Filter>
    </ClInclude>
    <ClInclude Include="..\Inc\axl_exe_WorkerThread.h">
      <Filter>exe</Filter>
    </ClInclude>
    <ClInclude Include="..\Inc\axl_exe_WorkerThreadPool.h">
      <Filter>exe</Filter>
    </ClInclude>
    <ClInclude Include="..\Inc\axl_mt_InvSemaphore.h">
      <Filter>mt</Filter>
    </ClInclude>
    <ClInclude Include="..\Inc\axl_mt_Event.h">
      <Filter>mt</Filter>
    </ClInclude>
    <ClInclude Include="..\Inc\axl_mt_Lock.h">
      <Filter>mt</Filter>
    </ClInclude>
    <ClInclude Include="..\Inc\axl_mt_Semaphore.h">
      <Filter>mt</Filter>
    </ClInclude>
    <ClInclude Include="..\Inc\axl_mt_Thread.h">
      <Filter>mt</Filter>
    </ClInclude>
    <ClInclude Include="..\Inc\axl_mt_Timer.h">
      <Filter>mt</Filter>
    </ClInclude>
    <ClInclude Include="..\Inc\axl_io_File.h">
      <Filter>io</Filter>
    </ClInclude>
    <ClInclude Include="..\Inc\axl_io_Mapping.h">
      <Filter>io</Filter>
    </ClInclude>
    <ClInclude Include="..\Inc\axl_io_Pipe.h">
      <Filter>io</Filter>
    </ClInclude>
    <ClInclude Include="..\Inc\axl_io_Serial.h">
      <Filter>io</Filter>
    </ClInclude>
    <ClInclude Include="..\Inc\axl_io_SockAddr.h">
      <Filter>io</Filter>
    </ClInclude>
    <ClInclude Include="..\Inc\axl_win_CriticalSection.h">
      <Filter>win</Filter>
    </ClInclude>
    <ClInclude Include="..\Inc\axl_rtl_Handle.h">
      <Filter>rtl</Filter>
    </ClInclude>
    <ClInclude Include="..\Inc\axl_win_Handle.h">
      <Filter>win</Filter>
    </ClInclude>
    <ClInclude Include="..\Inc\axl_io_MappedFile.h">
      <Filter>io</Filter>
    </ClInclude>
    <ClInclude Include="..\Inc\axl_win_Iocp.h">
      <Filter>win</Filter>
    </ClInclude>
    <ClInclude Include="..\Inc\axl_io_ConnectionSock.h">
      <Filter>io</Filter>
    </ClInclude>
    <ClInclude Include="..\Inc\axl_io_DgramSock.h">
      <Filter>io</Filter>
    </ClInclude>
    <ClInclude Include="..\Inc\axl_io_ListenerSock.h">
      <Filter>io</Filter>
    </ClInclude>
    <ClInclude Include="..\Inc\axl_rtl_BmhFind.h">
      <Filter>rtl</Filter>
    </ClInclude>
    <ClInclude Include="..\Inc\axl_rtl_BitMap.h">
      <Filter>rtl</Filter>
    </ClInclude>
    <ClInclude Include="..\Inc\axl_rtl_BuddyAllocMap.h">
      <Filter>rtl</Filter>
    </ClInclude>
    <ClInclude Include="..\Inc\axl_err_NtError.h">
      <Filter>err</Filter>
    </ClInclude>
    <ClInclude Include="..\Inc\axl_err_WinError.h">
      <Filter>err</Filter>
    </ClInclude>
    <ClInclude Include="stdafx.h" />
    <ClInclude Include="..\inc\axl_rtl_CharLiteral.h">
      <Filter>rtl</Filter>
    </ClInclude>
    <ClInclude Include="..\inc\axl_rtl_ArrayList.h">
      <Filter>rtl</Filter>
    </ClInclude>
    <ClInclude Include="..\inc\axl_io_FilePathUtils.h">
      <Filter>io</Filter>
    </ClInclude>
    <ClInclude Include="..\Inc\axl_rtl_StringCache.h">
      <Filter>rtl</Filter>
    </ClInclude>
  </ItemGroup>
  <ItemGroup>
    <ClCompile Include="axl_rtl_djb2.cpp">
      <Filter>rtl</Filter>
    </ClCompile>
    <ClCompile Include="axl_err_Error.cpp">
      <Filter>err</Filter>
    </ClCompile>
    <ClCompile Include="axl_err_ErrorMgr.cpp">
      <Filter>err</Filter>
    </ClCompile>
    <ClCompile Include="axl_exe_InvokeList.cpp">
      <Filter>exe</Filter>
    </ClCompile>
    <ClCompile Include="axl_exe_Scheduler.cpp">
      <Filter>exe</Filter>
    </ClCompile>
    <ClCompile Include="axl_exe_Synchronizer.cpp">
      <Filter>exe</Filter>
    </ClCompile>
    <ClCompile Include="axl_exe_Thunk.cpp">
      <Filter>exe</Filter>
    </ClCompile>
    <ClCompile Include="axl_io_Transport.cpp">
      <Filter>io</Filter>
    </ClCompile>
    <ClCompile Include="stdafx.cpp" />
    <ClCompile Include="axl_mem_Alloc.cpp">
      <Filter>mem</Filter>
    </ClCompile>
    <ClCompile Include="axl_g_Module.cpp">
      <Filter>g</Filter>
    </ClCompile>
    <ClCompile Include="axl_mem_Tracker.cpp">
      <Filter>mem</Filter>
    </ClCompile>
    <ClCompile Include="axl_rtl_Packer.cpp">
      <Filter>rtl</Filter>
    </ClCompile>
    <ClCompile Include="axl_rtl_Unpacker.cpp">
      <Filter>rtl</Filter>
    </ClCompile>
    <ClCompile Include="axl_exe_ArgPacker.cpp">
      <Filter>exe</Filter>
    </ClCompile>
    <ClCompile Include="axl_win_File.cpp">
      <Filter>win</Filter>
    </ClCompile>
    <ClCompile Include="axl_win_Mapping.cpp">
      <Filter>win</Filter>
    </ClCompile>
    <ClCompile Include="axl_win_Pipe.cpp">
      <Filter>win</Filter>
    </ClCompile>
    <ClCompile Include="axl_win_Serial.cpp">
      <Filter>win</Filter>
    </ClCompile>
    <ClCompile Include="axl_win_Sock.cpp">
      <Filter>win</Filter>
    </ClCompile>
    <ClCompile Include="axl_win_Thread.cpp">
      <Filter>win</Filter>
    </ClCompile>
    <ClCompile Include="axl_win_Timer.cpp">
      <Filter>win</Filter>
    </ClCompile>
    <ClCompile Include="axl_win_WaitableHandle.cpp">
      <Filter>win</Filter>
    </ClCompile>
    <ClCompile Include="axl_exe_WorkerThread.cpp">
      <Filter>exe</Filter>
    </ClCompile>
    <ClCompile Include="axl_exe_WorkerThreadPool.cpp">
      <Filter>exe</Filter>
    </ClCompile>
    <ClCompile Include="axl_exe_WorkerWindow.cpp">
      <Filter>exe</Filter>
    </ClCompile>
    <ClCompile Include="axl_mt_Timer.cpp">
      <Filter>mt</Filter>
    </ClCompile>
    <ClCompile Include="axl_io_MappedFile.cpp">
      <Filter>io</Filter>
    </ClCompile>
    <ClCompile Include="axl_io_Pipe.cpp">
      <Filter>io</Filter>
    </ClCompile>
    <ClCompile Include="axl_io_Serial.cpp">
      <Filter>io</Filter>
    </ClCompile>
    <ClCompile Include="axl_win_Iocp.cpp">
      <Filter>win</Filter>
    </ClCompile>
    <ClCompile Include="axl_io_ConnectionSock.cpp">
      <Filter>io</Filter>
    </ClCompile>
    <ClCompile Include="axl_io_DgramSock.cpp">
      <Filter>io</Filter>
    </ClCompile>
    <ClCompile Include="axl_io_ListenerSock.cpp">
      <Filter>io</Filter>
    </ClCompile>
    <ClCompile Include="axl_rtl_BmhFind.cpp">
      <Filter>rtl</Filter>
    </ClCompile>
    <ClCompile Include="axl_rtl_BitMap.cpp">
      <Filter>rtl</Filter>
    </ClCompile>
    <ClCompile Include="axl_rtl_BuddyAllocMap.cpp">
      <Filter>rtl</Filter>
    </ClCompile>
    <ClCompile Include="axl_err_WinError.cpp">
      <Filter>err</Filter>
    </ClCompile>
    <ClCompile Include="axl_err_NtError.cpp">
      <Filter>err</Filter>
    </ClCompile>
    <ClCompile Include="axl_io_FilePathUtils.cpp">
      <Filter>io</Filter>
    </ClCompile>
  </ItemGroup>
  <ItemGroup>
    <MASM Include="axl_exe_InvokeDirect_x64.asm">
      <Filter>exe</Filter>
    </MASM>
    <MASM Include="axl_exe_InvokeDirect_x86.asm">
      <Filter>exe</Filter>
    </MASM>
  </ItemGroup>
</Project>